
Microsoft Visual Studio Solution File, Format Version 12.00
# Visual Studio Version 17
VisualStudioVersion = 17.5.33627.172
MinimumVisualStudioVersion = 10.0.40219.1
Project("{9A19103F-16F7-4668-BE54-9A1E7A4F7556}") = "IIS.Dashboard", "IIS.Dashboard.csproj", "{E033932A-681B-45E3-AE68-21F688D4DCF7}"
EndProject
Global
	GlobalSection(SolutionConfigurationPlatforms) = preSolution
		Debug|Any CPU = Debug|Any CPU
		Release|Any CPU = Release|Any CPU
	EndGlobalSection
	GlobalSection(ProjectConfigurationPlatforms) = postSolution
		{E033932A-681B-45E3-AE68-21F688D4DCF7}.Debug|Any CPU.ActiveCfg = Debug|Any CPU
		{E033932A-681B-45E3-AE68-21F688D4DCF7}.Debug|Any CPU.Build.0 = Debug|Any CPU
		{E033932A-681B-45E3-AE68-21F688D4DCF7}.Release|Any CPU.ActiveCfg = Release|Any CPU
		{E033932A-681B-45E3-AE68-21F688D4DCF7}.Release|Any CPU.Build.0 = Release|Any CPU
	EndGlobalSection
	GlobalSection(SolutionProperties) = preSolution
		HideSolutionNode = FALSE
	EndGlobalSection
	GlobalSection(ExtensibilityGlobals) = postSolution
		SolutionGuid = {79BD18CE-4F6A-4719-BFA8-8E61DE9B2568}
	EndGlobalSection
EndGlobal
